
Microsoft Visual Studio Solution File, Format Version 12.00
# Visual Studio Version 17
VisualStudioVersion = 17.0.32014.148
MinimumVisualStudioVersion = 10.0.40219.1
Project("{8BC9CEB8-8B4A-11D0-8D11-00A0C91BC942}") = "Socket Programming", "Socket Programming\Socket Programming.vcxproj", "{3044DFB7-8FE3-4E48-8871-77EFCB6945F7}"
EndProject
Project("{8BC9CEB8-8B4A-11D0-8D11-00A0C91BC942}") = "Client", "Client\Client.vcxproj", "{A321FF4B-3EB9-427B-B1D6-6D4EA7E25A40}"
EndProject
Global
	GlobalSection(SolutionConfigurationPlatforms) = preSolution
		Debug|x64 = Debug|x64
		Debug|x86 = Debug|x86
		Release|x64 = Release|x64
		Release|x86 = Release|x86
	EndGlobalSection
	GlobalSection(ProjectConfigurationPlatforms) = postSolution
		{3044DFB7-8FE3-4E48-8871-77EFCB6945F7}.Debug|x64.ActiveCfg = Debug|x64
		{3044DFB7-8FE3-4E48-8871-77EFCB6945F7}.Debug|x64.Build.0 = Debug|x64
		{3044DFB7-8FE3-4E48-8871-77EFCB6945F7}.Debug|x86.ActiveCfg = Debug|Win32
		{3044DFB7-8FE3-4E48-8871-77EFCB6945F7}.Debug|x86.Build.0 = Debug|Win32
		{3044DFB7-8FE3-4E48-8871-77EFCB6945F7}.Release|x64.ActiveCfg = Release|x64
		{3044DFB7-8FE3-4E48-8871-77EFCB6945F7}.Release|x64.Build.0 = Release|x64
		{3044DFB7-8FE3-4E48-8871-77EFCB6945F7}.Release|x86.ActiveCfg = Release|Win32
		{3044DFB7-8FE3-4E48-8871-77EFCB6945F7}.Release|x86.Build.0 = Release|Win32
		{A321FF4B-3EB9-427B-B1D6-6D4EA7E25A40}.Debug|x64.ActiveCfg = Debug|x64
		{A321FF4B-3EB9-427B-B1D6-6D4EA7E25A40}.Debug|x64.Build.0 = Debug|x64
		{A321FF4B-3EB9-427B-B1D6-6D4EA7E25A40}.Debug|x86.ActiveCfg = Debug|Win32
		{A321FF4B-3EB9-427B-B1D6-6D4EA7E25A40}.Debug|x86.Build.0 = Debug|Win32
		{A321FF4B-3EB9-427B-B1D6-6D4EA7E25A40}.Release|x64.ActiveCfg = Release|x64
		{A321FF4B-3EB9-427B-B1D6-6D4EA7E25A40}.Release|x64.Build.0 = Release|x64
		{A321FF4B-3EB9-427B-B1D6-6D4EA7E25A40}.Release|x86.ActiveCfg = Release|Win32
		{A321FF4B-3EB9-427B-B1D6-6D4EA7E25A40}.Release|x86.Build.0 = Release|Win32
	EndGlobalSection
	GlobalSection(SolutionProperties) = preSolution
		HideSolutionNode = FALSE
	EndGlobalSection
	GlobalSection(ExtensibilityGlobals) = postSolution
		SolutionGuid = {EF5498D1-3E15-4E83-8D62-63ED7AA9EC70}
	EndGlobalSection
EndGlobal
